
Microsoft Visual Studio Solution File, Format Version 12.00
Project("{FAE04EC0-301F-11D3-BF4B-00C04F79EFBC}") = "СonsoleApp1", "СonsoleApp1\СonsoleApp1.csproj", "{C85A1378-8BF6-4951-AE63-581D3E6E6EA0}"
EndProject
Project("{FAE04EC0-301F-11D3-BF4B-00C04F79EFBC}") = "ConsoleApp2", "ConsoleApp2\ConsoleApp2.csproj", "{E941D197-0535-413D-807C-EAEDD3DEB367}"
EndProject
Project("{FAE04EC0-301F-11D3-BF4B-00C04F79EFBC}") = "ConsoleApp3", "ConsoleApp3\ConsoleApp3.csproj", "{1D70453B-CEE0-4B64-8965-76A4BA87C091}"
EndProject
Project("{FAE04EC0-301F-11D3-BF4B-00C04F79EFBC}") = "ConsoleApp4", "ConsoleApp4\ConsoleApp4.csproj", "{C7D54F61-C2E8-44EA-8EF8-2B9DDDBAFC6F}"
EndProject
Project("{FAE04EC0-301F-11D3-BF4B-00C04F79EFBC}") = "ConsoleApp5", "ConsoleApp5\ConsoleApp5.csproj", "{2E9B21EC-7DF4-4BA7-AD82-89234B933280}"
EndProject
Global
	GlobalSection(SolutionConfigurationPlatforms) = preSolution
		Debug|Any CPU = Debug|Any CPU
		Release|Any CPU = Release|Any CPU
	EndGlobalSection
	GlobalSection(ProjectConfigurationPlatforms) = postSolution
		{C85A1378-8BF6-4951-AE63-581D3E6E6EA0}.Debug|Any CPU.ActiveCfg = Debug|Any CPU
		{C85A1378-8BF6-4951-AE63-581D3E6E6EA0}.Debug|Any CPU.Build.0 = Debug|Any CPU
		{C85A1378-8BF6-4951-AE63-581D3E6E6EA0}.Release|Any CPU.ActiveCfg = Release|Any CPU
		{C85A1378-8BF6-4951-AE63-581D3E6E6EA0}.Release|Any CPU.Build.0 = Release|Any CPU
		{E941D197-0535-413D-807C-EAEDD3DEB367}.Debug|Any CPU.ActiveCfg = Debug|Any CPU
		{E941D197-0535-413D-807C-EAEDD3DEB367}.Debug|Any CPU.Build.0 = Debug|Any CPU
		{E941D197-0535-413D-807C-EAEDD3DEB367}.Release|Any CPU.ActiveCfg = Release|Any CPU
		{E941D197-0535-413D-807C-EAEDD3DEB367}.Release|Any CPU.Build.0 = Release|Any CPU
		{1D70453B-CEE0-4B64-8965-76A4BA87C091}.Debug|Any CPU.ActiveCfg = Debug|Any CPU
		{1D70453B-CEE0-4B64-8965-76A4BA87C091}.Debug|Any CPU.Build.0 = Debug|Any CPU
		{1D70453B-CEE0-4B64-8965-76A4BA87C091}.Release|Any CPU.ActiveCfg = Release|Any CPU
		{1D70453B-CEE0-4B64-8965-76A4BA87C091}.Release|Any CPU.Build.0 = Release|Any CPU
		{C7D54F61-C2E8-44EA-8EF8-2B9DDDBAFC6F}.Debug|Any CPU.ActiveCfg = Debug|Any CPU
		{C7D54F61-C2E8-44EA-8EF8-2B9DDDBAFC6F}.Debug|Any CPU.Build.0 = Debug|Any CPU
		{C7D54F61-C2E8-44EA-8EF8-2B9DDDBAFC6F}.Release|Any CPU.ActiveCfg = Release|Any CPU
		{C7D54F61-C2E8-44EA-8EF8-2B9DDDBAFC6F}.Release|Any CPU.Build.0 = Release|Any CPU
		{2E9B21EC-7DF4-4BA7-AD82-89234B933280}.Debug|Any CPU.ActiveCfg = Debug|Any CPU
		{2E9B21EC-7DF4-4BA7-AD82-89234B933280}.Debug|Any CPU.Build.0 = Debug|Any CPU
		{2E9B21EC-7DF4-4BA7-AD82-89234B933280}.Release|Any CPU.ActiveCfg = Release|Any CPU
		{2E9B21EC-7DF4-4BA7-AD82-89234B933280}.Release|Any CPU.Build.0 = Release|Any CPU
	EndGlobalSection
EndGlobal
