
Microsoft Visual Studio Solution File, Format Version 12.00
Project("{FAE04EC0-301F-11D3-BF4B-00C04F79EFBC}") = "ConsoleApp1", "ConsoleApp1\ConsoleApp1.csproj", "{4BB653AC-3418-4F13-9B53-AD82973FDC37}"
EndProject
Project("{FAE04EC0-301F-11D3-BF4B-00C04F79EFBC}") = "ConsoleApp2", "ConsoleApp2\ConsoleApp2.csproj", "{AA2AC25C-7D26-4275-9905-D8C560A5BCA1}"
EndProject
Project("{FAE04EC0-301F-11D3-BF4B-00C04F79EFBC}") = "ConsoleApp3", "ConsoleApp3\ConsoleApp3.csproj", "{EF2038FA-B81A-4F2A-AB5E-B8B62BAD6D36}"
EndProject
Project("{FAE04EC0-301F-11D3-BF4B-00C04F79EFBC}") = "ConsoleApp4", "ConsoleApp4\ConsoleApp4.csproj", "{90B8AFCB-39DC-44FD-A00B-4E20035988A2}"
EndProject
Project("{FAE04EC0-301F-11D3-BF4B-00C04F79EFBC}") = "ConsoleApp5", "ConsoleApp5\ConsoleApp5.csproj", "{434362DB-688C-46F9-ADD7-27D6C6408D1B}"
EndProject
Global
	GlobalSection(SolutionConfigurationPlatforms) = preSolution
		Debug|Any CPU = Debug|Any CPU
		Release|Any CPU = Release|Any CPU
	EndGlobalSection
	GlobalSection(ProjectConfigurationPlatforms) = postSolution
		{4BB653AC-3418-4F13-9B53-AD82973FDC37}.Debug|Any CPU.ActiveCfg = Debug|Any CPU
		{4BB653AC-3418-4F13-9B53-AD82973FDC37}.Debug|Any CPU.Build.0 = Debug|Any CPU
		{4BB653AC-3418-4F13-9B53-AD82973FDC37}.Release|Any CPU.ActiveCfg = Release|Any CPU
		{4BB653AC-3418-4F13-9B53-AD82973FDC37}.Release|Any CPU.Build.0 = Release|Any CPU
		{AA2AC25C-7D26-4275-9905-D8C560A5BCA1}.Debug|Any CPU.ActiveCfg = Debug|Any CPU
		{AA2AC25C-7D26-4275-9905-D8C560A5BCA1}.Debug|Any CPU.Build.0 = Debug|Any CPU
		{AA2AC25C-7D26-4275-9905-D8C560A5BCA1}.Release|Any CPU.ActiveCfg = Release|Any CPU
		{AA2AC25C-7D26-4275-9905-D8C560A5BCA1}.Release|Any CPU.Build.0 = Release|Any CPU
		{EF2038FA-B81A-4F2A-AB5E-B8B62BAD6D36}.Debug|Any CPU.ActiveCfg = Debug|Any CPU
		{EF2038FA-B81A-4F2A-AB5E-B8B62BAD6D36}.Debug|Any CPU.Build.0 = Debug|Any CPU
		{EF2038FA-B81A-4F2A-AB5E-B8B62BAD6D36}.Release|Any CPU.ActiveCfg = Release|Any CPU
		{EF2038FA-B81A-4F2A-AB5E-B8B62BAD6D36}.Release|Any CPU.Build.0 = Release|Any CPU
		{90B8AFCB-39DC-44FD-A00B-4E20035988A2}.Debug|Any CPU.ActiveCfg = Debug|Any CPU
		{90B8AFCB-39DC-44FD-A00B-4E20035988A2}.Debug|Any CPU.Build.0 = Debug|Any CPU
		{90B8AFCB-39DC-44FD-A00B-4E20035988A2}.Release|Any CPU.ActiveCfg = Release|Any CPU
		{90B8AFCB-39DC-44FD-A00B-4E20035988A2}.Release|Any CPU.Build.0 = Release|Any CPU
		{434362DB-688C-46F9-ADD7-27D6C6408D1B}.Debug|Any CPU.ActiveCfg = Debug|Any CPU
		{434362DB-688C-46F9-ADD7-27D6C6408D1B}.Debug|Any CPU.Build.0 = Debug|Any CPU
		{434362DB-688C-46F9-ADD7-27D6C6408D1B}.Release|Any CPU.ActiveCfg = Release|Any CPU
		{434362DB-688C-46F9-ADD7-27D6C6408D1B}.Release|Any CPU.Build.0 = Release|Any CPU
	EndGlobalSection
EndGlobal
